
Microsoft Visual Studio Solution File, Format Version 12.00
# Visual Studio Version 16
VisualStudioVersion = 16.0.30907.101
MinimumVisualStudioVersion = 10.0.40219.1
Project("{FAE04EC0-301F-11D3-BF4B-00C04F79EFBC}") = "8", "8.csproj", "{5747DA1D-E995-4C26-A38E-F4A26A4573CF}"
EndProject
Global
	GlobalSection(SolutionConfigurationPlatforms) = preSolution
		Debug|Any CPU = Debug|Any CPU
		Release|Any CPU = Release|Any CPU
	EndGlobalSection
	GlobalSection(ProjectConfigurationPlatforms) = postSolution
		{5747DA1D-E995-4C26-A38E-F4A26A4573CF}.Debug|Any CPU.ActiveCfg = Debug|Any CPU
		{5747DA1D-E995-4C26-A38E-F4A26A4573CF}.Debug|Any CPU.Build.0 = Debug|Any CPU
		{5747DA1D-E995-4C26-A38E-F4A26A4573CF}.Release|Any CPU.ActiveCfg = Release|Any CPU
		{5747DA1D-E995-4C26-A38E-F4A26A4573CF}.Release|Any CPU.Build.0 = Release|Any CPU
	EndGlobalSection
	GlobalSection(SolutionProperties) = preSolution
		HideSolutionNode = FALSE
	EndGlobalSection
	GlobalSection(ExtensibilityGlobals) = postSolution
		SolutionGuid = {94E98FD7-0385-423A-B0CC-760DF434DFE2}
	EndGlobalSection
EndGlobal
